
Microsoft Visual Studio Solution File, Format Version 12.00
# Visual Studio Version 17
VisualStudioVersion = 17.7.34031.279
MinimumVisualStudioVersion = 10.0.40219.1
Project("{FAE04EC0-301F-11D3-BF4B-00C04F79EFBC}") = "Tablecreate", "Tablecreate\Tablecreate.csproj", "{4B4FD193-E980-4737-B293-9B39FD393DED}"
EndProject
Global
	GlobalSection(SolutionConfigurationPlatforms) = preSolution
		Debug|Any CPU = Debug|Any CPU
		Release|Any CPU = Release|Any CPU
	EndGlobalSection
	GlobalSection(ProjectConfigurationPlatforms) = postSolution
		{4B4FD193-E980-4737-B293-9B39FD393DED}.Debug|Any CPU.ActiveCfg = Debug|Any CPU
		{4B4FD193-E980-4737-B293-9B39FD393DED}.Debug|Any CPU.Build.0 = Debug|Any CPU
		{4B4FD193-E980-4737-B293-9B39FD393DED}.Release|Any CPU.ActiveCfg = Release|Any CPU
		{4B4FD193-E980-4737-B293-9B39FD393DED}.Release|Any CPU.Build.0 = Release|Any CPU
	EndGlobalSection
	GlobalSection(SolutionProperties) = preSolution
		HideSolutionNode = FALSE
	EndGlobalSection
	GlobalSection(ExtensibilityGlobals) = postSolution
		SolutionGuid = {C6034B70-F585-4E88-9C00-0C2250110296}
	EndGlobalSection
EndGlobal
